// !$*UTF8*$!
{
	archiveVersion = 1;
	classes = {
	};
	objectVersion = 50;
	objects = {

/* Begin PBXBuildFile section */
		C787EBF72474531C00D7D519 /* CompleteViewController.swift in Sources */ = {isa = PBXBuildFile; fileRef = C787EBF62474531C00D7D519 /* CompleteViewController.swift */; };
		C7BC93C12474212B00CD74DA /* AppDelegate.swift in Sources */ = {isa = PBXBuildFile; fileRef = C7BC93C02474212B00CD74DA /* AppDelegate.swift */; };
		C7BC93C32474212B00CD74DA /* SceneDelegate.swift in Sources */ = {isa = PBXBuildFile; fileRef = C7BC93C22474212B00CD74DA /* SceneDelegate.swift */; };
		C7BC93C82474212B00CD74DA /* Main.storyboard in Resources */ = {isa = PBXBuildFile; fileRef = C7BC93C62474212B00CD74DA /* Main.storyboard */; };
		C7BC93CB2474212B00CD74DA /* ToDoListApp.xcdatamodeld in Sources */ = {isa = PBXBuildFile; fileRef = C7BC93C92474212B00CD74DA /* ToDoListApp.xcdatamodeld */; };
		C7BC93CD2474212D00CD74DA /* Assets.xcassets in Resources */ = {isa = PBXBuildFile; fileRef = C7BC93CC2474212D00CD74DA /* Assets.xcassets */; };
		C7BC93D02474212D00CD74DA /* LaunchScreen.storyboard in Resources */ = {isa = PBXBuildFile; fileRef = C7BC93CE2474212D00CD74DA /* LaunchScreen.storyboard */; };
		C7BC93DA247426B400CD74DA /* ToDoTableViewController.swift in Sources */ = {isa = PBXBuildFile; fileRef = C7BC93D9247426B400CD74DA /* ToDoTableViewController.swift */; };
		C7BC93DE24743DCA00CD74DA /* CreateToDoViewController.swift in Sources */ = {isa = PBXBuildFile; fileRef = C7BC93DD24743DCA00CD74DA /* CreateToDoViewController.swift */; };
/* End PBXBuildFile section */

/* Begin PBXFileReference section */
		C787EBF62474531C00D7D519 /* CompleteViewController.swift */ = {isa = PBXFileReference; lastKnownFileType = sourcecode.swift; path = CompleteViewController.swift; sourceTree = "<group>"; };
		C7BC93BD2474212B00CD74DA /* ToDoListApp.app */ = {isa = PBXFileReference; explicitFileType = wrapper.application; includeInIndex = 0; path = ToDoListApp.app; sourceTree = BUILT_PRODUCTS_DIR; };
		C7BC93C02474212B00CD74DA /* AppDelegate.swift */ = {isa = PBXFileReference; lastKnownFileType = sourcecode.swift; path = AppDelegate.swift; sourceTree = "<group>"; };
		C7BC93C22474212B00CD74DA /* SceneDelegate.swift */ = {isa = PBXFileReference; lastKnownFileType = sourcecode.swift; path = SceneDelegate.swift; sourceTree = "<group>"; };
		C7BC93C72474212B00CD74DA /* Base */ = {isa = PBXFileReference; lastKnownFileType = file.storyboard; name = Base; path = Base.lproj/Main.storyboard; sourceTree = "<group>"; };
		C7BC93CA2474212B00CD74DA /* ToDoListApp.xcdatamodel */ = {isa = PBXFileReference; lastKnownFileType = wrapper.xcdatamodel; path = ToDoListApp.xcdatamodel; sourceTree = "<group>"; };
		C7BC93CC2474212D00CD74DA /* Assets.xcassets */ = {isa = PBXFileReference; lastKnownFileType = folder.assetcatalog; path = Assets.xcassets; sourceTree = "<group>"; };
		C7BC93CF2474212D00CD74DA /* Base */ = {isa = PBXFileReference; lastKnownFileType = file.storyboard; name = Base; path = Base.lproj/LaunchScreen.storyboard; sourceTree = "<group>"; };
		C7BC93D12474212D00CD74DA /* Info.plist */ = {isa = PBXFileReference; lastKnownFileType = text.plist.xml; path = Info.plist; sourceTree = "<group>"; };
		C7BC93D9247426B400CD74DA /* ToDoTableViewController.swift */ = {isa = PBXFileReference; lastKnownFileType = sourcecode.swift; path = ToDoTableViewController.swift; sourceTree = "<group>"; };
		C7BC93DD24743DCA00CD74DA /* CreateToDoViewController.swift */ = {isa = PBXFileReference; lastKnownFileType = sourcecode.swift; path = CreateToDoViewController.swift; sourceTree = "<group>"; };
/* End PBXFileReference section */

/* Begin PBXFrameworksBuildPhase section */
		C7BC93BA2474212B00CD74DA /* Frameworks */ = {
			isa = PBXFrameworksBuildPhase;
			buildActionMask = 2147483647;
			files = (
			);
			runOnlyForDeploymentPostprocessing = 0;
		};
/* End PBXFrameworksBuildPhase section */

/* Begin PBXGroup section */
		C7BC93B42474212B00CD74DA = {
			isa = PBXGroup;
			children = (
				C7BC93BF2474212B00CD74DA /* ToDoListApp */,
				C7BC93BE2474212B00CD74DA /* Products */,
			);
			sourceTree = "<group>";
		};
		C7BC93BE2474212B00CD74DA /* Products */ = {
			isa = PBXGroup;
			children = (
				C7BC93BD2474212B00CD74DA /* ToDoListApp.app */,
			);
			name = Products;
			sourceTree = "<group>";
		};
		C7BC93BF2474212B00CD74DA /* ToDoListApp */ = {
			isa = PBXGroup;
			children = (
				C7BC93C02474212B00CD74DA /* AppDelegate.swift */,
				C7BC93C22474212B00CD74DA /* SceneDelegate.swift */,
				C7BC93DD24743DCA00CD74DA /* CreateToDoViewController.swift */,
				C7BC93D9247426B400CD74DA /* ToDoTableViewController.swift */,
				C787EBF62474531C00D7D519 /* CompleteViewController.swift */,
				C7BC93C62474212B00CD74DA /* Main.storyboard */,
				C7BC93CC2474212D00CD74DA /* Assets.xcassets */,
				C7BC93CE2474212D00CD74DA /* LaunchScreen.storyboard */,
				C7BC93D12474212D00CD74DA /* Info.plist */,
				C7BC93C92474212B00CD74DA /* ToDoListApp.xcdatamodeld */,
			);
			path = ToDoListApp;
			sourceTree = "<group>";
		};
/* End PBXGroup section */

/* Begin PBXNativeTarget section */
		C7BC93BC2474212B00CD74DA /* ToDoListApp */ = {
			isa = PBXNativeTarget;
			buildConfigurationList = C7BC93D42474212D00CD74DA /* Build configuration list for PBXNativeTarget "ToDoListApp" */;
			buildPhases = (
				C7BC93B92474212B00CD74DA /* Sources */,
				C7BC93BA2474212B00CD74DA /* Frameworks */,
				C7BC93BB2474212B00CD74DA /* Resources */,
			);
			buildRules = (
			);
			dependencies = (
			);
			name = ToDoListApp;
			productName = ToDoListApp;
			productReference = C7BC93BD2474212B00CD74DA /* ToDoListApp.app */;
			productType = "com.apple.product-type.application";
		};
/* End PBXNativeTarget section */

/* Begin PBXProject section */
		C7BC93B52474212B00CD74DA /* Project object */ = {
			isa = PBXProject;
			attributes = {
				LastSwiftUpdateCheck = 1130;
				LastUpgradeCheck = 1130;
				ORGANIZATIONNAME = user166463;
				TargetAttributes = {
					C7BC93BC2474212B00CD74DA = {
						CreatedOnToolsVersion = 11.3.1;
					};
				};
			};
			buildConfigurationList = C7BC93B82474212B00CD74DA /* Build configuration list for PBXProject "ToDoListApp" */;
			compatibilityVersion = "Xcode 9.3";
			developmentRegion = en;
			hasScannedForEncodings = 0;
			knownRegions = (
				en,
				Base,
			);
			mainGroup = C7BC93B42474212B00CD74DA;
			productRefGroup = C7BC93BE2474212B00CD74DA /* Products */;
			projectDirPath = "";
			projectRoot = "";
			targets = (
				C7BC93BC2474212B00CD74DA /* ToDoListApp */,
			);
		};
/* End PBXProject section */

/* Begin PBXResourcesBuildPhase section */
		C7BC93BB2474212B00CD74DA /* Resources */ = {
			isa = PBXResourcesBuildPhase;
			buildActionMask = 2147483647;
			files = (
				C7BC93D02474212D00CD74DA /* LaunchScreen.storyboard in Resources */,
				C7BC93CD2474212D00CD74DA /* Assets.xcassets in Resources */,
				C7BC93C82474212B00CD74DA /* Main.storyboard in Resources */,
			);
			runOnlyForDeploymentPostprocessing = 0;
		};
/* End PBXResourcesBuildPhase section */

/* Begin PBXSourcesBuildPhase section */
		C7BC93B92474212B00CD74DA /* Sources */ = {
			isa = PBXSourcesBuildPhase;
			buildActionMask = 2147483647;
			files = (
				C7BC93C12474212B00CD74DA /* AppDelegate.swift in Sources */,
				C7BC93DA247426B400CD74DA /* ToDoTableViewController.swift in Sources */,
				C7BC93DE24743DCA00CD74DA /* CreateToDoViewController.swift in Sources */,
				C7BC93C32474212B00CD74DA /* SceneDelegate.swift in Sources */,
				C7BC93CB2474212B00CD74DA /* ToDoListApp.xcdatamodeld in Sources */,
				C787EBF72474531C00D7D519 /* CompleteViewController.swift in Sources */,
			);
			runOnlyForDeploymentPostprocessing = 0;
		};
/* End PBXSourcesBuildPhase section */

/* Begin PBXVariantGroup section */
		C7BC93C62474212B00CD74DA /* Main.storyboard */ = {
			isa = PBXVariantGroup;
			children = (
				C7BC93C72474212B00CD74DA /* Base */,
			);
			name = Main.storyboard;
			sourceTree = "<group>";
		};
		C7BC93CE2474212D00CD74DA /* LaunchScreen.storyboard */ = {
			isa = PBXVariantGroup;
			children = (
				C7BC93CF2474212D00CD74DA /* Base */,
			);
			name = LaunchScreen.storyboard;
			sourceTree = "<group>";
		};
/* End PBXVariantGroup section */

/* Begin XCBuildConfiguration section */
		C7BC93D22474212D00CD74DA /* Debug */ = {
			isa = XCBuildConfiguration;
			buildSettings = {
				ALWAYS_SEARCH_USER_PATHS = NO;
				CLANG_ANALYZER_NONNULL = YES;
				CLANG_ANALYZER_NUMBER_OBJECT_CONVERSION = YES_AGGRESSIVE;
				CLANG_CXX_LANGUAGE_STANDARD = "gnu++14";
				CLANG_CXX_LIBRARY = "libc++";
				CLANG_ENABLE_MODULES = YES;
				CLANG_ENABLE_OBJC_ARC = YES;
				CLANG_ENABLE_OBJC_WEAK = YES;
				CLANG_WARN_BLOCK_CAPTURE_AUTORELEASING = YES;
				CLANG_WARN_BOOL_CONVERSION = YES;
				CLANG_WARN_COMMA = YES;
				CLANG_WARN_CONSTANT_CONVERSION = YES;
				CLANG_WARN_DEPRECATED_OBJC_IMPLEMENTATIONS = YES;
				CLANG_WARN_DIRECT_OBJC_ISA_USAGE = YES_ERROR;
				CLANG_WARN_DOCUMENTATION_COMMENTS = YES;
				CLANG_WARN_EMPTY_BODY = YES;
				CLANG_WARN_ENUM_CONVERSION = YES;
				CLANG_WARN_INFINITE_RECURSION = YES;
				CLANG_WARN_INT_CONVERSION = YES;
				CLANG_WARN_NON_LITERAL_NULL_CONVERSION = YES;
				CLANG_WARN_OBJC_IMPLICIT_RETAIN_SELF = YES;
				CLANG_WARN_OBJC_LITERAL_CONVERSION = YES;
				CLANG_WARN_OBJC_ROOT_CLASS = YES_ERROR;
				CLANG_WARN_RANGE_LOOP_ANALYSIS = YES;
				CLANG_WARN_STRICT_PROTOTYPES = YES;
				CLANG_WARN_SUSPICIOUS_MOVE = YES;
				CLANG_WARN_UNGUARDED_AVAILABILITY = YES_AGGRESSIVE;
				CLANG_WARN_UNREACHABLE_CODE = YES;
				CLANG_WARN__DUPLICATE_METHOD_MATCH = YES;
				COPY_PHASE_STRIP = NO;
				DEBUG_INFORMATION_FORMAT = dwarf;
				ENABLE_STRICT_OBJC_MSGSEND = YES;
				ENABLE_TESTABILITY = YES;
				GCC_C_LANGUAGE_STANDARD = gnu11;
				GCC_DYNAMIC_NO_PIC = NO;
				GCC_NO_COMMON_BLOCKS = YES;
				GCC_OPTIMIZATION_LEVEL = 0;
				GCC_PREPROCESSOR_DEFINITIONS = (
					"DEBUG=1",
					"$(inherited)",
				);
				GCC_WARN_64_TO_32_BIT_CONVERSION = YES;
				GCC_WARN_ABOUT_RETURN_TYPE = YES_ERROR;
				GCC_WARN_UNDECLARED_SELECTOR = YES;
				GCC_WARN_UNINITIALIZED_AUTOS = YES_AGGRESSIVE;
				GCC_WARN_UNUSED_FUNCTION = YES;
				GCC_WARN_UNUSED_VARIABLE = YES;
				IPHONEOS_DEPLOYMENT_TARGET = 13.2;
				MTL_ENABLE_DEBUG_INFO = INCLUDE_SOURCE;
				MTL_FAST_MATH = YES;
				ONLY_ACTIVE_ARCH = YES;
				SDKROOT = iphoneos;
				SWIFT_ACTIVE_COMPILATION_CONDITIONS = DEBUG;
				SWIFT_OPTIMIZATION_LEVEL = "-Onone";
			};
			name = Debug;
		};
		C7BC93D32474212D00CD74DA /* Release */ = {
			isa = XCBuildConfiguration;
			buildSettings = {
				ALWAYS_SEARCH_USER_PATHS = NO;
				CLANG_ANALYZER_NONNULL = YES;
				CLANG_ANALYZER_NUMBER_OBJECT_CONVERSION = YES_AGGRESSIVE;
				CLANG_CXX_LANGUAGE_STANDARD = "gnu++14";
				CLANG_CXX_LIBRARY = "libc++";
				CLANG_ENABLE_MODULES = YES;
				CLANG_ENABLE_OBJC_ARC = YES;
				CLANG_ENABLE_OBJC_WEAK = YES;
				CLANG_WARN_BLOCK_CAPTURE_AUTORELEASING = YES;
				CLANG_WARN_BOOL_CONVERSION = YES;
				CLANG_WARN_COMMA = YES;
				CLANG_WARN_CONSTANT_CONVERSION = YES;
				CLANG_WARN_DEPRECATED_OBJC_IMPLEMENTATIONS = YES;
				CLANG_WARN_DIRECT_OBJC_ISA_USAGE = YES_ERROR;
				CLANG_WARN_DOCUMENTATION_COMMENTS = YES;
				CLANG_WARN_EMPTY_BODY = YES;
				CLANG_WARN_ENUM_CONVERSION = YES;
				CLANG_WARN_INFINITE_RECURSION = YES;
				CLANG_WARN_INT_CONVERSION = YES;
				CLANG_WARN_NON_LITERAL_NULL_CONVERSION = YES;
				CLANG_WARN_OBJC_IMPLICIT_RETAIN_SELF = YES;
				CLANG_WARN_OBJC_LITERAL_CONVERSION = YES;
				CLANG_WARN_OBJC_ROOT_CLASS = YES_ERROR;
				CLANG_WARN_RANGE_LOOP_ANALYSIS = YES;
				CLANG_WARN_STRICT_PROTOTYPES = YES;
				CLANG_WARN_SUSPICIOUS_MOVE = YES;
				CLANG_WARN_UNGUARDED_AVAILABILITY = YES_AGGRESSIVE;
				CLANG_WARN_UNREACHABLE_CODE = YES;
				CLANG_WARN__DUPLICATE_METHOD_MATCH = YES;
				COPY_PHASE_STRIP = NO;
				DEBUG_INFORMATION_FORMAT = "dwarf-with-dsym";
				ENABLE_NS_ASSERTIONS = NO;
				ENABLE_STRICT_OBJC_MSGSEND = YES;
				GCC_C_LANGUAGE_STANDARD = gnu11;
				GCC_NO_COMMON_BLOCKS = YES;
				GCC_WARN_64_TO_32_BIT_CONVERSION = YES;
				GCC_WARN_ABOUT_RETURN_TYPE = YES_ERROR;
				GCC_WARN_UNDECLARED_SELECTOR = YES;
				GCC_WARN_UNINITIALIZED_AUTOS = YES_AGGRESSIVE;
				GCC_WARN_UNUSED_FUNCTION = YES;
				GCC_WARN_UNUSED_VARIABLE = YES;
				IPHONEOS_DEPLOYMENT_TARGET = 13.2;
				MTL_ENABLE_DEBUG_INFO = NO;
				MTL_FAST_MATH = YES;
				SDKROOT = iphoneos;
				SWIFT_COMPILATION_MODE = wholemodule;
				SWIFT_OPTIMIZATION_LEVEL = "-O";
				VALIDATE_PRODUCT = YES;
			};
			name = Release;
		};
		C7BC93D52474212D00CD74DA /* Debug */ = {
			isa = XCBuildConfiguration;
			buildSettings = {
				ASSETCATALOG_COMPILER_APPICON_NAME = AppIcon;
				CODE_SIGN_STYLE = Automatic;
				INFOPLIST_FILE = ToDoListApp/Info.plist;
				LD_RUNPATH_SEARCH_PATHS = (
					"$(inherited)",
					"@executable_path/Frameworks",
				);
				PRODUCT_BUNDLE_IDENTIFIER = casa.ToDoListApp;
				PRODUCT_NAME = "$(TARGET_NAME)";
				SWIFT_VERSION = 5.0;
				TARGETED_DEVICE_FAMILY = "1,2";
			};
			name = Debug;
		};
		C7BC93D62474212D00CD74DA /* Release */ = {
			isa = XCBuildConfiguration;
			buildSettings = {
				ASSETCATALOG_COMPILER_APPICON_NAME = AppIcon;
				CODE_SIGN_STYLE = Automatic;
				INFOPLIST_FILE = ToDoListApp/Info.plist;
				LD_RUNPATH_SEARCH_PATHS = (
					"$(inherited)",
					"@executable_path/Frameworks",
				);
				PRODUCT_BUNDLE_IDENTIFIER = casa.ToDoListApp;
				PRODUCT_NAME = "$(TARGET_NAME)";
				SWIFT_VERSION = 5.0;
				TARGETED_DEVICE_FAMILY = "1,2";
			};
			name = Release;
		};
/* End XCBuildConfiguration section */

/* Begin XCConfigurationList section */
		C7BC93B82474212B00CD74DA /* Build configuration list for PBXProject "ToDoListApp" */ = {
			isa = XCConfigurationList;
			buildConfigurations = (
				C7BC93D22474212D00CD74DA /* Debug */,
				C7BC93D32474212D00CD74DA /* Release */,
			);
			defaultConfigurationIsVisible = 0;
			defaultConfigurationName = Release;
		};
		C7BC93D42474212D00CD74DA /* Build configuration list for PBXNativeTarget "ToDoListApp" */ = {
			isa = XCConfigurationList;
			buildConfigurations = (
				C7BC93D52474212D00CD74DA /* Debug */,
				C7BC93D62474212D00CD74DA /* Release */,
			);
			defaultConfigurationIsVisible = 0;
			defaultConfigurationName = Release;
		};
/* End XCConfigurationList section */

/* Begin XCVersionGroup section */
		C7BC93C92474212B00CD74DA /* ToDoListApp.xcdatamodeld */ = {
			isa = XCVersionGroup;
			children = (
				C7BC93CA2474212B00CD74DA /* ToDoListApp.xcdatamodel */,
			);
			currentVersion = C7BC93CA2474212B00CD74DA /* ToDoListApp.xcdatamodel */;
			path = ToDoListApp.xcdatamodeld;
			sourceTree = "<group>";
			versionGroupType = wrapper.xcdatamodel;
		};
/* End XCVersionGroup section */
	};
	rootObject = C7BC93B52474212B00CD74DA /* Project object */;
}
